// !$*UTF8*$!
{
	archiveVersion = 1;
	classes = {
	};
	objectVersion = 50;
	objects = {

/* Begin PBXBuildFile section */
		A338E60B25578A9D00A9E6A9 /* AppDelegate.swift in Sources */ = {isa = PBXBuildFile; fileRef = A338E60A25578A9D00A9E6A9 /* AppDelegate.swift */; };
		A338E60D25578A9D00A9E6A9 /* SceneDelegate.swift in Sources */ = {isa = PBXBuildFile; fileRef = A338E60C25578A9D00A9E6A9 /* SceneDelegate.swift */; };
		A338E60F25578A9D00A9E6A9 /* ToDoListViewController.swift in Sources */ = {isa = PBXBuildFile; fileRef = A338E60E25578A9D00A9E6A9 /* ToDoListViewController.swift */; };
		A338E61225578A9D00A9E6A9 /* Main.storyboard in Resources */ = {isa = PBXBuildFile; fileRef = A338E61025578A9D00A9E6A9 /* Main.storyboard */; };
		A338E61425578A9E00A9E6A9 /* Assets.xcassets in Resources */ = {isa = PBXBuildFile; fileRef = A338E61325578A9E00A9E6A9 /* Assets.xcassets */; };
		A338E61725578A9E00A9E6A9 /* LaunchScreen.storyboard in Resources */ = {isa = PBXBuildFile; fileRef = A338E61525578A9E00A9E6A9 /* LaunchScreen.storyboard */; };
		A354C7E8255E4047003BEC05 /* DataModel.xcdatamodeld in Resources */ = {isa = PBXBuildFile; fileRef = A3B15BA0255CD9EC00D0B2AB /* DataModel.xcdatamodeld */; };
		A3845DC2259D183200F83905 /* CategoryTableViewController.swift in Sources */ = {isa = PBXBuildFile; fileRef = A3845DC1259D183200F83905 /* CategoryTableViewController.swift */; };
		A3845DC7259D1F1B00F83905 /* Category+CoreDataClass.swift in Sources */ = {isa = PBXBuildFile; fileRef = A3845DC5259D1F1B00F83905 /* Category+CoreDataClass.swift */; };
		A3845DC8259D1F1B00F83905 /* Category+CoreDataProperties.swift in Sources */ = {isa = PBXBuildFile; fileRef = A3845DC6259D1F1B00F83905 /* Category+CoreDataProperties.swift */; };
		A3845DCD259D29B500F83905 /* Item+CoreDataClass.swift in Sources */ = {isa = PBXBuildFile; fileRef = A3845DCB259D29B500F83905 /* Item+CoreDataClass.swift */; };
		A3845DCE259D29B500F83905 /* Item+CoreDataProperties.swift in Sources */ = {isa = PBXBuildFile; fileRef = A3845DCC259D29B500F83905 /* Item+CoreDataProperties.swift */; };
/* End PBXBuildFile section */

/* Begin PBXFileReference section */
		A338E60725578A9D00A9E6A9 /* Todey.app */ = {isa = PBXFileReference; explicitFileType = wrapper.application; includeInIndex = 0; path = Todey.app; sourceTree = BUILT_PRODUCTS_DIR; };
		A338E60A25578A9D00A9E6A9 /* AppDelegate.swift */ = {isa = PBXFileReference; lastKnownFileType = sourcecode.swift; path = AppDelegate.swift; sourceTree = "<group>"; };
		A338E60C25578A9D00A9E6A9 /* SceneDelegate.swift */ = {isa = PBXFileReference; lastKnownFileType = sourcecode.swift; path = SceneDelegate.swift; sourceTree = "<group>"; };
		A338E60E25578A9D00A9E6A9 /* ToDoListViewController.swift */ = {isa = PBXFileReference; lastKnownFileType = sourcecode.swift; path = ToDoListViewController.swift; sourceTree = "<group>"; };
		A338E61125578A9D00A9E6A9 /* Base */ = {isa = PBXFileReference; lastKnownFileType = file.storyboard; name = Base; path = Base.lproj/Main.storyboard; sourceTree = "<group>"; };
		A338E61325578A9E00A9E6A9 /* Assets.xcassets */ = {isa = PBXFileReference; lastKnownFileType = folder.assetcatalog; path = Assets.xcassets; sourceTree = "<group>"; };
		A338E61625578A9E00A9E6A9 /* Base */ = {isa = PBXFileReference; lastKnownFileType = file.storyboard; name = Base; path = Base.lproj/LaunchScreen.storyboard; sourceTree = "<group>"; };
		A338E61825578A9E00A9E6A9 /* Info.plist */ = {isa = PBXFileReference; lastKnownFileType = text.plist.xml; path = Info.plist; sourceTree = "<group>"; };
		A3845DC1259D183200F83905 /* CategoryTableViewController.swift */ = {isa = PBXFileReference; lastKnownFileType = sourcecode.swift; path = CategoryTableViewController.swift; sourceTree = "<group>"; };
		A3845DC5259D1F1B00F83905 /* Category+CoreDataClass.swift */ = {isa = PBXFileReference; lastKnownFileType = sourcecode.swift; path = "Category+CoreDataClass.swift"; sourceTree = "<group>"; };
		A3845DC6259D1F1B00F83905 /* Category+CoreDataProperties.swift */ = {isa = PBXFileReference; lastKnownFileType = sourcecode.swift; path = "Category+CoreDataProperties.swift"; sourceTree = "<group>"; };
		A3845DCB259D29B500F83905 /* Item+CoreDataClass.swift */ = {isa = PBXFileReference; lastKnownFileType = sourcecode.swift; path = "Item+CoreDataClass.swift"; sourceTree = "<group>"; };
		A3845DCC259D29B500F83905 /* Item+CoreDataProperties.swift */ = {isa = PBXFileReference; lastKnownFileType = sourcecode.swift; path = "Item+CoreDataProperties.swift"; sourceTree = "<group>"; };
		A3B15BA1255CD9EC00D0B2AB /* DataModel.xcdatamodel */ = {isa = PBXFileReference; lastKnownFileType = wrapper.xcdatamodel; path = DataModel.xcdatamodel; sourceTree = "<group>"; };
/* End PBXFileReference section */

/* Begin PBXFrameworksBuildPhase section */
		A338E60425578A9D00A9E6A9 /* Frameworks */ = {
			isa = PBXFrameworksBuildPhase;
			buildActionMask = 2147483647;
			files = (
			);
			runOnlyForDeploymentPostprocessing = 0;
		};
/* End PBXFrameworksBuildPhase section */

/* Begin PBXGroup section */
		A338E5FE25578A9D00A9E6A9 = {
			isa = PBXGroup;
			children = (
				A3845DCB259D29B500F83905 /* Item+CoreDataClass.swift */,
				A3845DCC259D29B500F83905 /* Item+CoreDataProperties.swift */,
				A3845DC5259D1F1B00F83905 /* Category+CoreDataClass.swift */,
				A3845DC6259D1F1B00F83905 /* Category+CoreDataProperties.swift */,
				A338E60925578A9D00A9E6A9 /* Todey */,
				A338E60825578A9D00A9E6A9 /* Products */,
			);
			sourceTree = "<group>";
		};
		A338E60825578A9D00A9E6A9 /* Products */ = {
			isa = PBXGroup;
			children = (
				A338E60725578A9D00A9E6A9 /* Todey.app */,
			);
			name = Products;
			sourceTree = "<group>";
		};
		A338E60925578A9D00A9E6A9 /* Todey */ = {
			isa = PBXGroup;
			children = (
				A3BF11B725595C8400891215 /* Model */,
				A3BF11BC25595CDF00891215 /* Supporting Files */,
				A3BF11BE25595CF400891215 /* Controllerrs */,
				A3BF11C025595D0400891215 /* Views */,
				A338E61825578A9E00A9E6A9 /* Info.plist */,
			);
			path = Todey;
			sourceTree = "<group>";
		};
		A3BF11B725595C8400891215 /* Model */ = {
			isa = PBXGroup;
			children = (
				A3B15BA0255CD9EC00D0B2AB /* DataModel.xcdatamodeld */,
			);
			path = Model;
			sourceTree = "<group>";
		};
		A3BF11BC25595CDF00891215 /* Supporting Files */ = {
			isa = PBXGroup;
			children = (
				A338E60A25578A9D00A9E6A9 /* AppDelegate.swift */,
				A338E60C25578A9D00A9E6A9 /* SceneDelegate.swift */,
				A338E61325578A9E00A9E6A9 /* Assets.xcassets */,
			);
			path = "Supporting Files";
			sourceTree = "<group>";
		};
		A3BF11BE25595CF400891215 /* Controllerrs */ = {
			isa = PBXGroup;
			children = (
				A3845DC1259D183200F83905 /* CategoryTableViewController.swift */,
				A338E60E25578A9D00A9E6A9 /* ToDoListViewController.swift */,
			);
			path = Controllerrs;
			sourceTree = "<group>";
		};
		A3BF11C025595D0400891215 /* Views */ = {
			isa = PBXGroup;
			children = (
				A338E61025578A9D00A9E6A9 /* Main.storyboard */,
				A338E61525578A9E00A9E6A9 /* LaunchScreen.storyboard */,
			);
			path = Views;
			sourceTree = "<group>";
		};
/* End PBXGroup section */

/* Begin PBXNativeTarget section */
		A338E60625578A9D00A9E6A9 /* Todey */ = {
			isa = PBXNativeTarget;
			buildConfigurationList = A338E61B25578A9E00A9E6A9 /* Build configuration list for PBXNativeTarget "Todey" */;
			buildPhases = (
				A338E60325578A9D00A9E6A9 /* Sources */,
				A338E60425578A9D00A9E6A9 /* Frameworks */,
				A338E60525578A9D00A9E6A9 /* Resources */,
			);
			buildRules = (
			);
			dependencies = (
			);
			name = Todey;
			productName = Todey;
			productReference = A338E60725578A9D00A9E6A9 /* Todey.app */;
			productType = "com.apple.product-type.application";
		};
/* End PBXNativeTarget section */

/* Begin PBXProject section */
		A338E5FF25578A9D00A9E6A9 /* Project object */ = {
			isa = PBXProject;
			attributes = {
				LastSwiftUpdateCheck = 1210;
				LastUpgradeCheck = 1210;
				TargetAttributes = {
					A338E60625578A9D00A9E6A9 = {
						CreatedOnToolsVersion = 12.1;
					};
				};
			};
			buildConfigurationList = A338E60225578A9D00A9E6A9 /* Build configuration list for PBXProject "Todey" */;
			compatibilityVersion = "Xcode 9.3";
			developmentRegion = en;
			hasScannedForEncodings = 0;
			knownRegions = (
				en,
				Base,
			);
			mainGroup = A338E5FE25578A9D00A9E6A9;
			productRefGroup = A338E60825578A9D00A9E6A9 /* Products */;
			projectDirPath = "";
			projectRoot = "";
			targets = (
				A338E60625578A9D00A9E6A9 /* Todey */,
			);
		};
/* End PBXProject section */

/* Begin PBXResourcesBuildPhase section */
		A338E60525578A9D00A9E6A9 /* Resources */ = {
			isa = PBXResourcesBuildPhase;
			buildActionMask = 2147483647;
			files = (
				A354C7E8255E4047003BEC05 /* DataModel.xcdatamodeld in Resources */,
				A338E61725578A9E00A9E6A9 /* LaunchScreen.storyboard in Resources */,
				A338E61425578A9E00A9E6A9 /* Assets.xcassets in Resources */,
				A338E61225578A9D00A9E6A9 /* Main.storyboard in Resources */,
			);
			runOnlyForDeploymentPostprocessing = 0;
		};
/* End PBXResourcesBuildPhase section */

/* Begin PBXSourcesBuildPhase section */
		A338E60325578A9D00A9E6A9 /* Sources */ = {
			isa = PBXSourcesBuildPhase;
			buildActionMask = 2147483647;
			files = (
				A3845DC7259D1F1B00F83905 /* Category+CoreDataClass.swift in Sources */,
				A338E60F25578A9D00A9E6A9 /* ToDoListViewController.swift in Sources */,
				A3845DCE259D29B500F83905 /* Item+CoreDataProperties.swift in Sources */,
				A338E60B25578A9D00A9E6A9 /* AppDelegate.swift in Sources */,
				A338E60D25578A9D00A9E6A9 /* SceneDelegate.swift in Sources */,
				A3845DC2259D183200F83905 /* CategoryTableViewController.swift in Sources */,
				A3845DC8259D1F1B00F83905 /* Category+CoreDataProperties.swift in Sources */,
				A3845DCD259D29B500F83905 /* Item+CoreDataClass.swift in Sources */,
			);
			runOnlyForDeploymentPostprocessing = 0;
		};
/* End PBXSourcesBuildPhase section */

/* Begin PBXVariantGroup section */
		A338E61025578A9D00A9E6A9 /* Main.storyboard */ = {
			isa = PBXVariantGroup;
			children = (
				A338E61125578A9D00A9E6A9 /* Base */,
			);
			name = Main.storyboard;
			sourceTree = "<group>";
		};
		A338E61525578A9E00A9E6A9 /* LaunchScreen.storyboard */ = {
			isa = PBXVariantGroup;
			children = (
				A338E61625578A9E00A9E6A9 /* Base */,
			);
			name = LaunchScreen.storyboard;
			sourceTree = "<group>";
		};
/* End PBXVariantGroup section */

/* Begin XCBuildConfiguration section */
		A338E61925578A9E00A9E6A9 /* Debug */ = {
			isa = XCBuildConfiguration;
			buildSettings = {
				ALWAYS_SEARCH_USER_PATHS = NO;
				CLANG_ANALYZER_NONNULL = YES;
				CLANG_ANALYZER_NUMBER_OBJECT_CONVERSION = YES_AGGRESSIVE;
				CLANG_CXX_LANGUAGE_STANDARD = "gnu++14";
				CLANG_CXX_LIBRARY = "libc++";
				CLANG_ENABLE_MODULES = YES;
				CLANG_ENABLE_OBJC_ARC = YES;
				CLANG_ENABLE_OBJC_WEAK = YES;
				CLANG_WARN_BLOCK_CAPTURE_AUTORELEASING = YES;
				CLANG_WARN_BOOL_CONVERSION = YES;
				CLANG_WARN_COMMA = YES;
				CLANG_WARN_CONSTANT_CONVERSION = YES;
				CLANG_WARN_DEPRECATED_OBJC_IMPLEMENTATIONS = YES;
				CLANG_WARN_DIRECT_OBJC_ISA_USAGE = YES_ERROR;
				CLANG_WARN_DOCUMENTATION_COMMENTS = YES;
				CLANG_WARN_EMPTY_BODY = YES;
				CLANG_WARN_ENUM_CONVERSION = YES;
				CLANG_WARN_INFINITE_RECURSION = YES;
				CLANG_WARN_INT_CONVERSION = YES;
				CLANG_WARN_NON_LITERAL_NULL_CONVERSION = YES;
				CLANG_WARN_OBJC_IMPLICIT_RETAIN_SELF = YES;
				CLANG_WARN_OBJC_LITERAL_CONVERSION = YES;
				CLANG_WARN_OBJC_ROOT_CLASS = YES_ERROR;
				CLANG_WARN_QUOTED_INCLUDE_IN_FRAMEWORK_HEADER = YES;
				CLANG_WARN_RANGE_LOOP_ANALYSIS = YES;
				CLANG_WARN_STRICT_PROTOTYPES = YES;
				CLANG_WARN_SUSPICIOUS_MOVE = YES;
				CLANG_WARN_UNGUARDED_AVAILABILITY = YES_AGGRESSIVE;
				CLANG_WARN_UNREACHABLE_CODE = YES;
				CLANG_WARN__DUPLICATE_METHOD_MATCH = YES;
				COPY_PHASE_STRIP = NO;
				DEBUG_INFORMATION_FORMAT = dwarf;
				ENABLE_STRICT_OBJC_MSGSEND = YES;
				ENABLE_TESTABILITY = YES;
				GCC_C_LANGUAGE_STANDARD = gnu11;
				GCC_DYNAMIC_NO_PIC = NO;
				GCC_NO_COMMON_BLOCKS = YES;
				GCC_OPTIMIZATION_LEVEL = 0;
				GCC_PREPROCESSOR_DEFINITIONS = (
					"DEBUG=1",
					"$(inherited)",
				);
				GCC_WARN_64_TO_32_BIT_CONVERSION = YES;
				GCC_WARN_ABOUT_RETURN_TYPE = YES_ERROR;
				GCC_WARN_UNDECLARED_SELECTOR = YES;
				GCC_WARN_UNINITIALIZED_AUTOS = YES_AGGRESSIVE;
				GCC_WARN_UNUSED_FUNCTION = YES;
				GCC_WARN_UNUSED_VARIABLE = YES;
				IPHONEOS_DEPLOYMENT_TARGET = 14.1;
				MTL_ENABLE_DEBUG_INFO = INCLUDE_SOURCE;
				MTL_FAST_MATH = YES;
				ONLY_ACTIVE_ARCH = YES;
				SDKROOT = iphoneos;
				SWIFT_ACTIVE_COMPILATION_CONDITIONS = DEBUG;
				SWIFT_OPTIMIZATION_LEVEL = "-Onone";
			};
			name = Debug;
		};
		A338E61A25578A9E00A9E6A9 /* Release */ = {
			isa = XCBuildConfiguration;
			buildSettings = {
				ALWAYS_SEARCH_USER_PATHS = NO;
				CLANG_ANALYZER_NONNULL = YES;
				CLANG_ANALYZER_NUMBER_OBJECT_CONVERSION = YES_AGGRESSIVE;
				CLANG_CXX_LANGUAGE_STANDARD = "gnu++14";
				CLANG_CXX_LIBRARY = "libc++";
				CLANG_ENABLE_MODULES = YES;
				CLANG_ENABLE_OBJC_ARC = YES;
				CLANG_ENABLE_OBJC_WEAK = YES;
				CLANG_WARN_BLOCK_CAPTURE_AUTORELEASING = YES;
				CLANG_WARN_BOOL_CONVERSION = YES;
				CLANG_WARN_COMMA = YES;
				CLANG_WARN_CONSTANT_CONVERSION = YES;
				CLANG_WARN_DEPRECATED_OBJC_IMPLEMENTATIONS = YES;
				CLANG_WARN_DIRECT_OBJC_ISA_USAGE = YES_ERROR;
				CLANG_WARN_DOCUMENTATION_COMMENTS = YES;
				CLANG_WARN_EMPTY_BODY = YES;
				CLANG_WARN_ENUM_CONVERSION = YES;
				CLANG_WARN_INFINITE_RECURSION = YES;
				CLANG_WARN_INT_CONVERSION = YES;
				CLANG_WARN_NON_LITERAL_NULL_CONVERSION = YES;
				CLANG_WARN_OBJC_IMPLICIT_RETAIN_SELF = YES;
				CLANG_WARN_OBJC_LITERAL_CONVERSION = YES;
				CLANG_WARN_OBJC_ROOT_CLASS = YES_ERROR;
				CLANG_WARN_QUOTED_INCLUDE_IN_FRAMEWORK_HEADER = YES;
				CLANG_WARN_RANGE_LOOP_ANALYSIS = YES;
				CLANG_WARN_STRICT_PROTOTYPES = YES;
				CLANG_WARN_SUSPICIOUS_MOVE = YES;
				CLANG_WARN_UNGUARDED_AVAILABILITY = YES_AGGRESSIVE;
				CLANG_WARN_UNREACHABLE_CODE = YES;
				CLANG_WARN__DUPLICATE_METHOD_MATCH = YES;
				COPY_PHASE_STRIP = NO;
				DEBUG_INFORMATION_FORMAT = "dwarf-with-dsym";
				ENABLE_NS_ASSERTIONS = NO;
				ENABLE_STRICT_OBJC_MSGSEND = YES;
				GCC_C_LANGUAGE_STANDARD = gnu11;
				GCC_NO_COMMON_BLOCKS = YES;
				GCC_WARN_64_TO_32_BIT_CONVERSION = YES;
				GCC_WARN_ABOUT_RETURN_TYPE = YES_ERROR;
				GCC_WARN_UNDECLARED_SELECTOR = YES;
				GCC_WARN_UNINITIALIZED_AUTOS = YES_AGGRESSIVE;
				GCC_WARN_UNUSED_FUNCTION = YES;
				GCC_WARN_UNUSED_VARIABLE = YES;
				IPHONEOS_DEPLOYMENT_TARGET = 14.1;
				MTL_ENABLE_DEBUG_INFO = NO;
				MTL_FAST_MATH = YES;
				SDKROOT = iphoneos;
				SWIFT_COMPILATION_MODE = wholemodule;
				SWIFT_OPTIMIZATION_LEVEL = "-O";
				VALIDATE_PRODUCT = YES;
			};
			name = Release;
		};
		A338E61C25578A9E00A9E6A9 /* Debug */ = {
			isa = XCBuildConfiguration;
			buildSettings = {
				ASSETCATALOG_COMPILER_APPICON_NAME = AppIcon;
				ASSETCATALOG_COMPILER_GLOBAL_ACCENT_COLOR_NAME = AccentColor;
				CODE_SIGN_STYLE = Automatic;
				DEVELOPMENT_TEAM = 6B26XFY35T;
				INFOPLIST_FILE = Todey/Info.plist;
				IPHONEOS_DEPLOYMENT_TARGET = 14.0;
				LD_RUNPATH_SEARCH_PATHS = (
					"$(inherited)",
					"@executable_path/Frameworks",
				);
				PRODUCT_BUNDLE_IDENTIFIER = uk.co.LondonMarathon.Todey;
				PRODUCT_NAME = "$(TARGET_NAME)";
				SWIFT_VERSION = 5.0;
				TARGETED_DEVICE_FAMILY = "1,2";
			};
			name = Debug;
		};
		A338E61D25578A9E00A9E6A9 /* Release */ = {
			isa = XCBuildConfiguration;
			buildSettings = {
				ASSETCATALOG_COMPILER_APPICON_NAME = AppIcon;
				ASSETCATALOG_COMPILER_GLOBAL_ACCENT_COLOR_NAME = AccentColor;
				CODE_SIGN_STYLE = Automatic;
				DEVELOPMENT_TEAM = 6B26XFY35T;
				INFOPLIST_FILE = Todey/Info.plist;
				IPHONEOS_DEPLOYMENT_TARGET = 14.0;
				LD_RUNPATH_SEARCH_PATHS = (
					"$(inherited)",
					"@executable_path/Frameworks",
				);
				PRODUCT_BUNDLE_IDENTIFIER = uk.co.LondonMarathon.Todey;
				PRODUCT_NAME = "$(TARGET_NAME)";
				SWIFT_VERSION = 5.0;
				TARGETED_DEVICE_FAMILY = "1,2";
			};
			name = Release;
		};
/* End XCBuildConfiguration section */

/* Begin XCConfigurationList section */
		A338E60225578A9D00A9E6A9 /* Build configuration list for PBXProject "Todey" */ = {
			isa = XCConfigurationList;
			buildConfigurations = (
				A338E61925578A9E00A9E6A9 /* Debug */,
				A338E61A25578A9E00A9E6A9 /* Release */,
			);
			defaultConfigurationIsVisible = 0;
			defaultConfigurationName = Release;
		};
		A338E61B25578A9E00A9E6A9 /* Build configuration list for PBXNativeTarget "Todey" */ = {
			isa = XCConfigurationList;
			buildConfigurations = (
				A338E61C25578A9E00A9E6A9 /* Debug */,
				A338E61D25578A9E00A9E6A9 /* Release */,
			);
			defaultConfigurationIsVisible = 0;
			defaultConfigurationName = Release;
		};
/* End XCConfigurationList section */

/* Begin XCVersionGroup section */
		A3B15BA0255CD9EC00D0B2AB /* DataModel.xcdatamodeld */ = {
			isa = XCVersionGroup;
			children = (
				A3B15BA1255CD9EC00D0B2AB /* DataModel.xcdatamodel */,
			);
			currentVersion = A3B15BA1255CD9EC00D0B2AB /* DataModel.xcdatamodel */;
			path = DataModel.xcdatamodeld;
			sourceTree = "<group>";
			versionGroupType = wrapper.xcdatamodel;
		};
/* End XCVersionGroup section */
	};
	rootObject = A338E5FF25578A9D00A9E6A9 /* Project object */;
}
